
Microsoft Visual Studio Solution File, Format Version 12.00
# Visual Studio Version 17
VisualStudioVersion = 17.3.32804.467
MinimumVisualStudioVersion = 10.0.40219.1
Project("{FAE04EC0-301F-11D3-BF4B-00C04F79EFBC}") = "SimpleEmailApp", "SimpleEmailApp.csproj", "{7C01E0B9-8FE7-4F68-8B88-702471CF92BE}"
EndProject
Global
	GlobalSection(SolutionConfigurationPlatforms) = preSolution
		Debug|Any CPU = Debug|Any CPU
		Release|Any CPU = Release|Any CPU
	EndGlobalSection
	GlobalSection(ProjectConfigurationPlatforms) = postSolution
		{7C01E0B9-8FE7-4F68-8B88-702471CF92BE}.Debug|Any CPU.ActiveCfg = Debug|Any CPU
		{7C01E0B9-8FE7-4F68-8B88-702471CF92BE}.Debug|Any CPU.Build.0 = Debug|Any CPU
		{7C01E0B9-8FE7-4F68-8B88-702471CF92BE}.Release|Any CPU.ActiveCfg = Release|Any CPU
		{7C01E0B9-8FE7-4F68-8B88-702471CF92BE}.Release|Any CPU.Build.0 = Release|Any CPU
	EndGlobalSection
	GlobalSection(SolutionProperties) = preSolution
		HideSolutionNode = FALSE
	EndGlobalSection
	GlobalSection(ExtensibilityGlobals) = postSolution
		SolutionGuid = {40A8604B-12B1-4A78-BFC0-C8FF5B41DFF0}
	EndGlobalSection
EndGlobal
